// !$*UTF8*$!
{
	archiveVersion = 1;
	classes = {
	};
	objectVersion = 55;
	objects = {

/* Begin PBXBuildFile section */
		0F8C19E426089A6BB873290D /* MainScreenCoordinatorAssembly.swift in Sources */ = {isa = PBXBuildFile; fileRef = 8C151A187D86AE119A607E3E /* MainScreenCoordinatorAssembly.swift */; };
		135CFE35B212165E06407818 /* MainScreenAbstractions.swift in Sources */ = {isa = PBXBuildFile; fileRef = CD4B66C913E5B6EB10095607 /* MainScreenAbstractions.swift */; };
		28147366DD7284DBC63CFBCB /* ApplicationServices.swift in Sources */ = {isa = PBXBuildFile; fileRef = DD0AE21EFF7335406FAC4CF9 /* ApplicationServices.swift */; };
		2D5F9D3C3ED131BE9C679C73 /* MainScreenCoordinator.swift in Sources */ = {isa = PBXBuildFile; fileRef = C204DB714941C3AFC4D581F8 /* MainScreenCoordinator.swift */; };
		3B360F8F646D602CFEE82025 /* LaunchScreen.storyboard in Resources */ = {isa = PBXBuildFile; fileRef = F33D5BD9C18EF15FD3D0949F /* LaunchScreen.storyboard */; };
		3F810AD525B0B01123CC4249 /* MainScreenViewController.swift in Sources */ = {isa = PBXBuildFile; fileRef = 86EAEFC73FAF83D6EB174C07 /* MainScreenViewController.swift */; };
		422E25D9C61113CDEB94350B /* FDStyle_FDStyle.bundle in Resources */ = {isa = PBXBuildFile; fileRef = 70A186C1E707DED6C90AB455 /* FDStyle_FDStyle.bundle */; };
		430485E199D9DCBD30D57281 /* FDServices.framework in Frameworks */ = {isa = PBXBuildFile; fileRef = 7892C15A72E81065969DCF14 /* FDServices.framework */; };
		474CC0C301D95534EE22B0CB /* Assets.xcassets in Resources */ = {isa = PBXBuildFile; fileRef = D235C39B7D5FCDF3B7C1290D /* Assets.xcassets */; };
		4A187EA892FC4A1C44CD305E /* TuistBundle+Tradernet.swift in Sources */ = {isa = PBXBuildFile; fileRef = 208AE425EE609A6211DE9650 /* TuistBundle+Tradernet.swift */; };
		4A743B34B32111074C00D1D8 /* FDNotifications.framework in Frameworks */ = {isa = PBXBuildFile; fileRef = 3645460A4B109F6DE5687415 /* FDNotifications.framework */; };
		5BF767A23B2E9B1AB993AB88 /* FDStyle.framework in Frameworks */ = {isa = PBXBuildFile; fileRef = 42FC7F5FDD98C840C9CB40B1 /* FDStyle.framework */; };
		6297D6D06D65113135354054 /* FDAbstractions.framework in Frameworks */ = {isa = PBXBuildFile; fileRef = C739BCDEF3201981D84E6B9F /* FDAbstractions.framework */; };
		6A81BDC2C05C5D901256CC9F /* Test.swift in Sources */ = {isa = PBXBuildFile; fileRef = B8121788DF8D5F0FF1E37308 /* Test.swift */; };
		6CE6864697E22100CBAE3953 /* MainScreenAssembly.swift in Sources */ = {isa = PBXBuildFile; fileRef = 8DB7C68FA4A707CD70B15C0B /* MainScreenAssembly.swift */; };
		6E88EC1D19ACBA9028CB2F61 /* FDUIKit_FDUIKit.bundle in Resources */ = {isa = PBXBuildFile; fileRef = 68A4F750A66985FEDEC08C07 /* FDUIKit_FDUIKit.bundle */; };
		7F837C654A9FAEBB4A065398 /* MainScreenInteractor.swift in Sources */ = {isa = PBXBuildFile; fileRef = F34AC9E950E83ED6222764C5 /* MainScreenInteractor.swift */; };
		8C3FA9B64B7C133E36BF18CB /* FDUIKit.framework in Frameworks */ = {isa = PBXBuildFile; fileRef = EE04797C53D28AB323211277 /* FDUIKit.framework */; };
		8C88C7FD54ECB59B12F73274 /* TuistAssets+Tradernet.swift in Sources */ = {isa = PBXBuildFile; fileRef = 51452048D1F2F1623504DE49 /* TuistAssets+Tradernet.swift */; };
		9FA37AFF5FC3FAD769C4C396 /* AppDelegate.swift in Sources */ = {isa = PBXBuildFile; fileRef = A5E3A7998516330B33EFD162 /* AppDelegate.swift */; };
		A7B3C2D8E201612BCDB8C5CE /* FDUIKit_FDUIKit.bundle in Dependencies */ = {isa = PBXBuildFile; fileRef = 68A4F750A66985FEDEC08C07 /* FDUIKit_FDUIKit.bundle */; };
		BDEF758D9C7DE65206B4F6BB /* FDNotifications_FDNotifications.bundle in Dependencies */ = {isa = PBXBuildFile; fileRef = 3436C4609DABA165012D4036 /* FDNotifications_FDNotifications.bundle */; };
		C4ABEABF0EAB5E604E0028B7 /* AppearanceConfigurator.swift in Sources */ = {isa = PBXBuildFile; fileRef = CC96CCAF174E97184FA6B238 /* AppearanceConfigurator.swift */; };
		C6C49FF37193A04FAB2E57FA /* Starscream.framework in Frameworks */ = {isa = PBXBuildFile; fileRef = FFCC9D45829C70E09956A91B /* Starscream.framework */; };
		D880CFDD6B0251467E7C045B /* FDStyle_FDStyle.bundle in Dependencies */ = {isa = PBXBuildFile; fileRef = 70A186C1E707DED6C90AB455 /* FDStyle_FDStyle.bundle */; };
		DDF1DE0083AAF0E658FAEA0F /* MainScreenFactory.swift in Sources */ = {isa = PBXBuildFile; fileRef = C67CC6B5C7352B643C6E5BB4 /* MainScreenFactory.swift */; };
		EBB7F4312E73F8E6E85D49BA /* Starscream_Starscream.bundle in Resources */ = {isa = PBXBuildFile; fileRef = 8ED820F521349684A7ED1FCD /* Starscream_Starscream.bundle */; };
		F5C23C1A78CF289682234071 /* Starscream_Starscream.bundle in Dependencies */ = {isa = PBXBuildFile; fileRef = 8ED820F521349684A7ED1FCD /* Starscream_Starscream.bundle */; };
		FC210EA26C004CFAAF968AB7 /* FDNotifications_FDNotifications.bundle in Resources */ = {isa = PBXBuildFile; fileRef = 3436C4609DABA165012D4036 /* FDNotifications_FDNotifications.bundle */; };
/* End PBXBuildFile section */

/* Begin PBXContainerItemProxy section */
		C7C7E34020835DEA82AB18F5 /* PBXContainerItemProxy */ = {
			isa = PBXContainerItemProxy;
			containerPortal = 42DE972FC08A675A638ADB76 /* Project object */;
			proxyType = 1;
			remoteGlobalIDString = 21FF47E861A5946E2A7C71E3;
			remoteInfo = Tradernet;
		};
/* End PBXContainerItemProxy section */

/* Begin PBXCopyFilesBuildPhase section */
		39EA64C0C5CF89768196DE4E /* Embed Frameworks */ = {
			isa = PBXCopyFilesBuildPhase;
			buildActionMask = 2147483647;
			dstPath = "";
			dstSubfolderSpec = 10;
			files = (
			);
			name = "Embed Frameworks";
			runOnlyForDeploymentPostprocessing = 0;
		};
		D335DE1CB296090C791523DE /* Dependencies */ = {
			isa = PBXCopyFilesBuildPhase;
			buildActionMask = 8;
			dstSubfolderSpec = 16;
			files = (
				BDEF758D9C7DE65206B4F6BB /* FDNotifications_FDNotifications.bundle in Dependencies */,
				D880CFDD6B0251467E7C045B /* FDStyle_FDStyle.bundle in Dependencies */,
				A7B3C2D8E201612BCDB8C5CE /* FDUIKit_FDUIKit.bundle in Dependencies */,
				F5C23C1A78CF289682234071 /* Starscream_Starscream.bundle in Dependencies */,
			);
			name = Dependencies;
			runOnlyForDeploymentPostprocessing = 1;
		};
		EE4A620BB330BD72D6AD8522 /* Embed Frameworks */ = {
			isa = PBXCopyFilesBuildPhase;
			buildActionMask = 2147483647;
			dstPath = "";
			dstSubfolderSpec = 10;
			files = (
			);
			name = "Embed Frameworks";
			runOnlyForDeploymentPostprocessing = 0;
		};
/* End PBXCopyFilesBuildPhase section */

/* Begin PBXFileReference section */
		07ABD3C755853B88A249892F /* TradernetTests-Info.plist */ = {isa = PBXFileReference; lastKnownFileType = text.plist; path = "TradernetTests-Info.plist"; sourceTree = "<group>"; };
		0940DE28CC3CBE4036A883C2 /* Tradernet-Info.plist */ = {isa = PBXFileReference; lastKnownFileType = text.plist; path = "Tradernet-Info.plist"; sourceTree = "<group>"; };
		208AE425EE609A6211DE9650 /* TuistBundle+Tradernet.swift */ = {isa = PBXFileReference; lastKnownFileType = sourcecode.swift; path = "TuistBundle+Tradernet.swift"; sourceTree = "<group>"; };
		29FA9A652BF7B8F7287B23A5 /* TradernetTests.xctest */ = {isa = PBXFileReference; explicitFileType = wrapper.cfbundle; includeInIndex = 0; path = TradernetTests.xctest; sourceTree = BUILT_PRODUCTS_DIR; };
		2D259616771A935FCCC13DC5 /* Tradernet.app */ = {isa = PBXFileReference; explicitFileType = wrapper.application; includeInIndex = 0; path = Tradernet.app; sourceTree = BUILT_PRODUCTS_DIR; };
		3436C4609DABA165012D4036 /* FDNotifications_FDNotifications.bundle */ = {isa = PBXFileReference; explicitFileType = wrapper.cfbundle; includeInIndex = 0; path = FDNotifications_FDNotifications.bundle; sourceTree = BUILT_PRODUCTS_DIR; };
		3645460A4B109F6DE5687415 /* FDNotifications.framework */ = {isa = PBXFileReference; explicitFileType = wrapper.framework; includeInIndex = 0; path = FDNotifications.framework; sourceTree = BUILT_PRODUCTS_DIR; };
		42FC7F5FDD98C840C9CB40B1 /* FDStyle.framework */ = {isa = PBXFileReference; explicitFileType = wrapper.framework; includeInIndex = 0; path = FDStyle.framework; sourceTree = BUILT_PRODUCTS_DIR; };
		51452048D1F2F1623504DE49 /* TuistAssets+Tradernet.swift */ = {isa = PBXFileReference; lastKnownFileType = sourcecode.swift; path = "TuistAssets+Tradernet.swift"; sourceTree = "<group>"; };
		68A4F750A66985FEDEC08C07 /* FDUIKit_FDUIKit.bundle */ = {isa = PBXFileReference; explicitFileType = wrapper.cfbundle; includeInIndex = 0; path = FDUIKit_FDUIKit.bundle; sourceTree = BUILT_PRODUCTS_DIR; };
		70A186C1E707DED6C90AB455 /* FDStyle_FDStyle.bundle */ = {isa = PBXFileReference; explicitFileType = wrapper.cfbundle; includeInIndex = 0; path = FDStyle_FDStyle.bundle; sourceTree = BUILT_PRODUCTS_DIR; };
		7892C15A72E81065969DCF14 /* FDServices.framework */ = {isa = PBXFileReference; explicitFileType = wrapper.framework; includeInIndex = 0; path = FDServices.framework; sourceTree = BUILT_PRODUCTS_DIR; };
		86EAEFC73FAF83D6EB174C07 /* MainScreenViewController.swift */ = {isa = PBXFileReference; lastKnownFileType = sourcecode.swift; path = MainScreenViewController.swift; sourceTree = "<group>"; };
		8C151A187D86AE119A607E3E /* MainScreenCoordinatorAssembly.swift */ = {isa = PBXFileReference; lastKnownFileType = sourcecode.swift; path = MainScreenCoordinatorAssembly.swift; sourceTree = "<group>"; };
		8DB7C68FA4A707CD70B15C0B /* MainScreenAssembly.swift */ = {isa = PBXFileReference; lastKnownFileType = sourcecode.swift; path = MainScreenAssembly.swift; sourceTree = "<group>"; };
		8ED820F521349684A7ED1FCD /* Starscream_Starscream.bundle */ = {isa = PBXFileReference; explicitFileType = wrapper.cfbundle; includeInIndex = 0; path = Starscream_Starscream.bundle; sourceTree = BUILT_PRODUCTS_DIR; };
		A5E3A7998516330B33EFD162 /* AppDelegate.swift */ = {isa = PBXFileReference; lastKnownFileType = sourcecode.swift; path = AppDelegate.swift; sourceTree = "<group>"; };
		B8121788DF8D5F0FF1E37308 /* Test.swift */ = {isa = PBXFileReference; lastKnownFileType = sourcecode.swift; path = Test.swift; sourceTree = "<group>"; };
		C204DB714941C3AFC4D581F8 /* MainScreenCoordinator.swift */ = {isa = PBXFileReference; lastKnownFileType = sourcecode.swift; path = MainScreenCoordinator.swift; sourceTree = "<group>"; };
		C421435EB5BFDE5CA75DE5E8 /* Tradernet.xcconfig */ = {isa = PBXFileReference; lastKnownFileType = text.xcconfig; path = Tradernet.xcconfig; sourceTree = "<group>"; };
		C67CC6B5C7352B643C6E5BB4 /* MainScreenFactory.swift */ = {isa = PBXFileReference; lastKnownFileType = sourcecode.swift; path = MainScreenFactory.swift; sourceTree = "<group>"; };
		C739BCDEF3201981D84E6B9F /* FDAbstractions.framework */ = {isa = PBXFileReference; explicitFileType = wrapper.framework; includeInIndex = 0; path = FDAbstractions.framework; sourceTree = BUILT_PRODUCTS_DIR; };
		CC96CCAF174E97184FA6B238 /* AppearanceConfigurator.swift */ = {isa = PBXFileReference; lastKnownFileType = sourcecode.swift; path = AppearanceConfigurator.swift; sourceTree = "<group>"; };
		CD4B66C913E5B6EB10095607 /* MainScreenAbstractions.swift */ = {isa = PBXFileReference; lastKnownFileType = sourcecode.swift; path = MainScreenAbstractions.swift; sourceTree = "<group>"; };
		D235C39B7D5FCDF3B7C1290D /* Assets.xcassets */ = {isa = PBXFileReference; lastKnownFileType = folder.assetcatalog; path = Assets.xcassets; sourceTree = "<group>"; };
		DD0AE21EFF7335406FAC4CF9 /* ApplicationServices.swift */ = {isa = PBXFileReference; lastKnownFileType = sourcecode.swift; path = ApplicationServices.swift; sourceTree = "<group>"; };
		EE04797C53D28AB323211277 /* FDUIKit.framework */ = {isa = PBXFileReference; explicitFileType = wrapper.framework; includeInIndex = 0; path = FDUIKit.framework; sourceTree = BUILT_PRODUCTS_DIR; };
		F33D5BD9C18EF15FD3D0949F /* LaunchScreen.storyboard */ = {isa = PBXFileReference; lastKnownFileType = file.storyboard; path = LaunchScreen.storyboard; sourceTree = "<group>"; };
		F34AC9E950E83ED6222764C5 /* MainScreenInteractor.swift */ = {isa = PBXFileReference; lastKnownFileType = sourcecode.swift; path = MainScreenInteractor.swift; sourceTree = "<group>"; };
		FFCC9D45829C70E09956A91B /* Starscream.framework */ = {isa = PBXFileReference; explicitFileType = wrapper.framework; includeInIndex = 0; path = Starscream.framework; sourceTree = BUILT_PRODUCTS_DIR; };
/* End PBXFileReference section */

/* Begin PBXFrameworksBuildPhase section */
		43DC3EF03EF594ED791C736D /* Frameworks */ = {
			isa = PBXFrameworksBuildPhase;
			buildActionMask = 2147483647;
			files = (
			);
			runOnlyForDeploymentPostprocessing = 0;
		};
		EBB8B900DF8CA8612D6BADB2 /* Frameworks */ = {
			isa = PBXFrameworksBuildPhase;
			buildActionMask = 2147483647;
			files = (
				6297D6D06D65113135354054 /* FDAbstractions.framework in Frameworks */,
				4A743B34B32111074C00D1D8 /* FDNotifications.framework in Frameworks */,
				430485E199D9DCBD30D57281 /* FDServices.framework in Frameworks */,
				5BF767A23B2E9B1AB993AB88 /* FDStyle.framework in Frameworks */,
				8C3FA9B64B7C133E36BF18CB /* FDUIKit.framework in Frameworks */,
				C6C49FF37193A04FAB2E57FA /* Starscream.framework in Frameworks */,
			);
			runOnlyForDeploymentPostprocessing = 0;
		};
/* End PBXFrameworksBuildPhase section */

/* Begin PBXGroup section */
		011E6B02AA7E8427781B552E /* App */ = {
			isa = PBXGroup;
			children = (
				9FA577B9A53D95F5BCE6A0F1 /* Resources */,
				A0F615C806B75127EC8A103C /* Sources */,
				7A8761FBD5342026F0E304D0 /* Tests */,
			);
			path = App;
			sourceTree = "<group>";
		};
		20ACB5996A0DF6E48FE538DE /* Configurator */ = {
			isa = PBXGroup;
			children = (
				CC96CCAF174E97184FA6B238 /* AppearanceConfigurator.swift */,
			);
			path = Configurator;
			sourceTree = "<group>";
		};
		2C4490302702C155B6F3CC4D /* Interactor */ = {
			isa = PBXGroup;
			children = (
				F34AC9E950E83ED6222764C5 /* MainScreenInteractor.swift */,
			);
			path = Interactor;
			sourceTree = "<group>";
		};
		414ACF14DF3CC0B0801F874F /* Tradernet */ = {
			isa = PBXGroup;
			children = (
				011E6B02AA7E8427781B552E /* App */,
			);
			path = Tradernet;
			sourceTree = "<group>";
		};
		506DBE2FC259F70DC10A3F50 /* Navigation */ = {
			isa = PBXGroup;
			children = (
				8A2A150AFBBCC12407F367C2 /* MainScreenCoordinator */,
			);
			path = Navigation;
			sourceTree = "<group>";
		};
		563E41B0E7DDB91C54D684DF /* Modules */ = {
			isa = PBXGroup;
			children = (
				A0C4876DBE3BB7F1114199E5 /* MainScreenModule */,
			);
			path = Modules;
			sourceTree = "<group>";
		};
		6B75C1EC8ECE660B47A42C35 /* Assembly */ = {
			isa = PBXGroup;
			children = (
				8DB7C68FA4A707CD70B15C0B /* MainScreenAssembly.swift */,
			);
			path = Assembly;
			sourceTree = "<group>";
		};
		6DA7C15D6233D969C670305D /* Factory */ = {
			isa = PBXGroup;
			children = (
				C67CC6B5C7352B643C6E5BB4 /* MainScreenFactory.swift */,
			);
			path = Factory;
			sourceTree = "<group>";
		};
		74142E3F21ECAFA836B5B653 /* Sources */ = {
			isa = PBXGroup;
			children = (
				51452048D1F2F1623504DE49 /* TuistAssets+Tradernet.swift */,
				208AE425EE609A6211DE9650 /* TuistBundle+Tradernet.swift */,
			);
			path = Sources;
			sourceTree = "<group>";
		};
		7A8761FBD5342026F0E304D0 /* Tests */ = {
			isa = PBXGroup;
			children = (
				F9B8A9DC03B9F24872A8BA9E /* FDServices */,
			);
			path = Tests;
			sourceTree = "<group>";
		};
		809EE938E7A9D02CFF57F9E6 /* InfoPlists */ = {
			isa = PBXGroup;
			children = (
				0940DE28CC3CBE4036A883C2 /* Tradernet-Info.plist */,
				07ABD3C755853B88A249892F /* TradernetTests-Info.plist */,
			);
			path = InfoPlists;
			sourceTree = "<group>";
		};
		83B3BFD15CF4D2BB67DBED29 /* Project */ = {
			isa = PBXGroup;
			children = (
				B0F8EE337FA2B3F8AD868AEC /* Derived */,
				414ACF14DF3CC0B0801F874F /* Tradernet */,
				C421435EB5BFDE5CA75DE5E8 /* Tradernet.xcconfig */,
			);
			name = Project;
			sourceTree = "<group>";
		};
		8A2A150AFBBCC12407F367C2 /* MainScreenCoordinator */ = {
			isa = PBXGroup;
			children = (
				C204DB714941C3AFC4D581F8 /* MainScreenCoordinator.swift */,
				8C151A187D86AE119A607E3E /* MainScreenCoordinatorAssembly.swift */,
			);
			path = MainScreenCoordinator;
			sourceTree = "<group>";
		};
		9FA577B9A53D95F5BCE6A0F1 /* Resources */ = {
			isa = PBXGroup;
			children = (
				D235C39B7D5FCDF3B7C1290D /* Assets.xcassets */,
				F33D5BD9C18EF15FD3D0949F /* LaunchScreen.storyboard */,
			);
			path = Resources;
			sourceTree = "<group>";
		};
		A0C4876DBE3BB7F1114199E5 /* MainScreenModule */ = {
			isa = PBXGroup;
			children = (
				D0950839BCEB2261CD415189 /* Abstractions */,
				6B75C1EC8ECE660B47A42C35 /* Assembly */,
				6DA7C15D6233D969C670305D /* Factory */,
				2C4490302702C155B6F3CC4D /* Interactor */,
				BA72C06552102B97129B7048 /* Presenter */,
			);
			path = MainScreenModule;
			sourceTree = "<group>";
		};
		A0F615C806B75127EC8A103C /* Sources */ = {
			isa = PBXGroup;
			children = (
				563E41B0E7DDB91C54D684DF /* Modules */,
				506DBE2FC259F70DC10A3F50 /* Navigation */,
				E8FC452ABBD979CABC114004 /* System */,
			);
			path = Sources;
			sourceTree = "<group>";
		};
		A78A37F3402B20DC38CE8623 /* Frameworks */ = {
			isa = PBXGroup;
			children = (
			);
			name = Frameworks;
			sourceTree = "<group>";
		};
		B0F8EE337FA2B3F8AD868AEC /* Derived */ = {
			isa = PBXGroup;
			children = (
				809EE938E7A9D02CFF57F9E6 /* InfoPlists */,
				74142E3F21ECAFA836B5B653 /* Sources */,
			);
			path = Derived;
			sourceTree = "<group>";
		};
		BA72C06552102B97129B7048 /* Presenter */ = {
			isa = PBXGroup;
			children = (
				86EAEFC73FAF83D6EB174C07 /* MainScreenViewController.swift */,
			);
			path = Presenter;
			sourceTree = "<group>";
		};
		BF0BBF761FCD700A2E39F5C7 = {
			isa = PBXGroup;
			children = (
				83B3BFD15CF4D2BB67DBED29 /* Project */,
				A78A37F3402B20DC38CE8623 /* Frameworks */,
				FD5BF2A73B51D4108E655D2A /* Products */,
			);
			sourceTree = "<group>";
		};
		D0950839BCEB2261CD415189 /* Abstractions */ = {
			isa = PBXGroup;
			children = (
				CD4B66C913E5B6EB10095607 /* MainScreenAbstractions.swift */,
			);
			path = Abstractions;
			sourceTree = "<group>";
		};
		E79192699B6F589DAEB1BC6D /* ApplicationServices */ = {
			isa = PBXGroup;
			children = (
				DD0AE21EFF7335406FAC4CF9 /* ApplicationServices.swift */,
			);
			path = ApplicationServices;
			sourceTree = "<group>";
		};
		E8FC452ABBD979CABC114004 /* System */ = {
			isa = PBXGroup;
			children = (
				E79192699B6F589DAEB1BC6D /* ApplicationServices */,
				20ACB5996A0DF6E48FE538DE /* Configurator */,
				A5E3A7998516330B33EFD162 /* AppDelegate.swift */,
			);
			path = System;
			sourceTree = "<group>";
		};
		F9B8A9DC03B9F24872A8BA9E /* FDServices */ = {
			isa = PBXGroup;
			children = (
				B8121788DF8D5F0FF1E37308 /* Test.swift */,
			);
			path = FDServices;
			sourceTree = "<group>";
		};
		FD5BF2A73B51D4108E655D2A /* Products */ = {
			isa = PBXGroup;
			children = (
				C739BCDEF3201981D84E6B9F /* FDAbstractions.framework */,
				3436C4609DABA165012D4036 /* FDNotifications_FDNotifications.bundle */,
				3645460A4B109F6DE5687415 /* FDNotifications.framework */,
				7892C15A72E81065969DCF14 /* FDServices.framework */,
				70A186C1E707DED6C90AB455 /* FDStyle_FDStyle.bundle */,
				42FC7F5FDD98C840C9CB40B1 /* FDStyle.framework */,
				68A4F750A66985FEDEC08C07 /* FDUIKit_FDUIKit.bundle */,
				EE04797C53D28AB323211277 /* FDUIKit.framework */,
				8ED820F521349684A7ED1FCD /* Starscream_Starscream.bundle */,
				FFCC9D45829C70E09956A91B /* Starscream.framework */,
				2D259616771A935FCCC13DC5 /* Tradernet.app */,
				29FA9A652BF7B8F7287B23A5 /* TradernetTests.xctest */,
			);
			name = Products;
			sourceTree = "<group>";
		};
/* End PBXGroup section */

/* Begin PBXNativeTarget section */
		0FB9D947069C95A38FD288C0 /* TradernetTests */ = {
			isa = PBXNativeTarget;
			buildConfigurationList = F70FEC75211D33DA47D385DD /* Build configuration list for PBXNativeTarget "TradernetTests" */;
			buildPhases = (
				CCF15FF676FE2A7CD57B5857 /* Sources */,
				720EE3CF506D7DBA4E9317C8 /* Resources */,
				EE4A620BB330BD72D6AD8522 /* Embed Frameworks */,
				43DC3EF03EF594ED791C736D /* Frameworks */,
			);
			buildRules = (
			);
			dependencies = (
				BB57D5479B85DBC110A859C0 /* PBXTargetDependency */,
			);
			name = TradernetTests;
			productName = TradernetTests;
			productReference = 29FA9A652BF7B8F7287B23A5 /* TradernetTests.xctest */;
			productType = "com.apple.product-type.bundle.unit-test";
		};
		21FF47E861A5946E2A7C71E3 /* Tradernet */ = {
			isa = PBXNativeTarget;
			buildConfigurationList = 8558C9C17460C4984E2FE2BD /* Build configuration list for PBXNativeTarget "Tradernet" */;
			buildPhases = (
				B590B55BACA33A6E925B15B6 /* SwiftLintString */,
				8DFF2A354974F759B080B6C3 /* Sources */,
				054C094E7949EBBDB3708F8D /* Resources */,
				39EA64C0C5CF89768196DE4E /* Embed Frameworks */,
				EBB8B900DF8CA8612D6BADB2 /* Frameworks */,
				D335DE1CB296090C791523DE /* Dependencies */,
			);
			buildRules = (
			);
			dependencies = (
			);
			name = Tradernet;
			productName = Tradernet;
			productReference = 2D259616771A935FCCC13DC5 /* Tradernet.app */;
			productType = "com.apple.product-type.application";
		};
/* End PBXNativeTarget section */

/* Begin PBXProject section */
		42DE972FC08A675A638ADB76 /* Project object */ = {
			isa = PBXProject;
			attributes = {
				BuildIndependentTargetsInParallel = YES;
				ORGANIZATIONNAME = SosinVitalii.com;
				TargetAttributes = {
					0FB9D947069C95A38FD288C0 = {
						TestTargetID = 21FF47E861A5946E2A7C71E3;
					};
				};
			};
			buildConfigurationList = 9721774A0D4CF3CF6A180B2F /* Build configuration list for PBXProject "Tradernet" */;
			compatibilityVersion = "Xcode 14.0";
			developmentRegion = en;
			hasScannedForEncodings = 0;
			knownRegions = (
				Base,
				en,
			);
			mainGroup = BF0BBF761FCD700A2E39F5C7;
			productRefGroup = FD5BF2A73B51D4108E655D2A /* Products */;
			projectDirPath = "";
			projectRoot = "";
			targets = (
				21FF47E861A5946E2A7C71E3 /* Tradernet */,
				0FB9D947069C95A38FD288C0 /* TradernetTests */,
			);
		};
/* End PBXProject section */

/* Begin PBXResourcesBuildPhase section */
		054C094E7949EBBDB3708F8D /* Resources */ = {
			isa = PBXResourcesBuildPhase;
			buildActionMask = 2147483647;
			files = (
				474CC0C301D95534EE22B0CB /* Assets.xcassets in Resources */,
				3B360F8F646D602CFEE82025 /* LaunchScreen.storyboard in Resources */,
				FC210EA26C004CFAAF968AB7 /* FDNotifications_FDNotifications.bundle in Resources */,
				422E25D9C61113CDEB94350B /* FDStyle_FDStyle.bundle in Resources */,
				6E88EC1D19ACBA9028CB2F61 /* FDUIKit_FDUIKit.bundle in Resources */,
				EBB7F4312E73F8E6E85D49BA /* Starscream_Starscream.bundle in Resources */,
			);
			runOnlyForDeploymentPostprocessing = 0;
		};
		720EE3CF506D7DBA4E9317C8 /* Resources */ = {
			isa = PBXResourcesBuildPhase;
			buildActionMask = 2147483647;
			files = (
			);
			runOnlyForDeploymentPostprocessing = 0;
		};
/* End PBXResourcesBuildPhase section */

/* Begin PBXShellScriptBuildPhase section */
		B590B55BACA33A6E925B15B6 /* SwiftLintString */ = {
			isa = PBXShellScriptBuildPhase;
			alwaysOutOfDate = 1;
			buildActionMask = 2147483647;
			files = (
			);
			inputFileListPaths = (
			);
			inputPaths = (
			);
			name = SwiftLintString;
			outputFileListPaths = (
			);
			outputPaths = (
			);
			runOnlyForDeploymentPostprocessing = 0;
			shellPath = /bin/sh;
			shellScript = "if test -d \"/opt/homebrew/bin/\"; then\n  PATH=\"/opt/homebrew/bin/:${PATH}\"\nfi\n\nexport PATH=\"$PATH:/opt/homebrew/bin\"\n\nif which swiftlint > /dev/null; then\n  swiftlint \"${SRCROOT}/Tradernet/App/Sources\"\nelse\n  echo \"warning: SwiftLint not installed, download from https://github.com/realm/SwiftLint\"\nfi";
		};
/* End PBXShellScriptBuildPhase section */

/* Begin PBXSourcesBuildPhase section */
		8DFF2A354974F759B080B6C3 /* Sources */ = {
			isa = PBXSourcesBuildPhase;
			buildActionMask = 2147483647;
			files = (
				8C88C7FD54ECB59B12F73274 /* TuistAssets+Tradernet.swift in Sources */,
				4A187EA892FC4A1C44CD305E /* TuistBundle+Tradernet.swift in Sources */,
				135CFE35B212165E06407818 /* MainScreenAbstractions.swift in Sources */,
				6CE6864697E22100CBAE3953 /* MainScreenAssembly.swift in Sources */,
				DDF1DE0083AAF0E658FAEA0F /* MainScreenFactory.swift in Sources */,
				7F837C654A9FAEBB4A065398 /* MainScreenInteractor.swift in Sources */,
				3F810AD525B0B01123CC4249 /* MainScreenViewController.swift in Sources */,
				2D5F9D3C3ED131BE9C679C73 /* MainScreenCoordinator.swift in Sources */,
				0F8C19E426089A6BB873290D /* MainScreenCoordinatorAssembly.swift in Sources */,
				9FA37AFF5FC3FAD769C4C396 /* AppDelegate.swift in Sources */,
				28147366DD7284DBC63CFBCB /* ApplicationServices.swift in Sources */,
				C4ABEABF0EAB5E604E0028B7 /* AppearanceConfigurator.swift in Sources */,
			);
			runOnlyForDeploymentPostprocessing = 0;
		};
		CCF15FF676FE2A7CD57B5857 /* Sources */ = {
			isa = PBXSourcesBuildPhase;
			buildActionMask = 2147483647;
			files = (
				6A81BDC2C05C5D901256CC9F /* Test.swift in Sources */,
			);
			runOnlyForDeploymentPostprocessing = 0;
		};
/* End PBXSourcesBuildPhase section */

/* Begin PBXTargetDependency section */
		BB57D5479B85DBC110A859C0 /* PBXTargetDependency */ = {
			isa = PBXTargetDependency;
			name = Tradernet;
			target = 21FF47E861A5946E2A7C71E3 /* Tradernet */;
			targetProxy = C7C7E34020835DEA82AB18F5 /* PBXContainerItemProxy */;
		};
/* End PBXTargetDependency section */

/* Begin XCBuildConfiguration section */
		01E2BB395706064804326224 /* Release */ = {
			isa = XCBuildConfiguration;
			baseConfigurationReference = C421435EB5BFDE5CA75DE5E8 /* Tradernet.xcconfig */;
			buildSettings = {
				ASSETCATALOG_COMPILER_APPICON_NAME = AppIcon;
				CODE_SIGN_IDENTITY = "iPhone Developer";
				CODE_SIGN_STYLE = Automatic;
				DEBUG_INFORMATION_FORMAT = "dwarf-with-dsym";
				DEVELOPMENT_TEAM = 34VDSPZYU9;
				ENABLE_PREVIEWS = YES;
				ENABLE_TARGET_PARALLELIZATION = YES;
				INFOPLIST_FILE = "Derived/InfoPlists/Tradernet-Info.plist";
				IPHONEOS_DEPLOYMENT_TARGET = 12.0;
				LD_RUNPATH_SEARCH_PATHS = (
					"$(inherited)",
					"@executable_path/Frameworks",
				);
				PRODUCT_BUNDLE_IDENTIFIER = com.sosinvitalii.Tradernet;
				PRODUCT_NAME = Tradernet;
				SDKROOT = iphoneos;
				SUPPORTS_MACCATALYST = NO;
				SUPPORTS_MAC_DESIGNED_FOR_IPHONE_IPAD = YES;
				SUPPORTS_XR_DESIGNED_FOR_IPHONE_IPAD = NO;
				SWIFT_COMPILATION_MODE = wholemodule;
				SWIFT_OPTIMIZATION_LEVEL = "-O";
				SWIFT_VERSION = 5.0;
				TARGETED_DEVICE_FAMILY = 1;
			};
			name = Release;
		};
		69BC4CE6E4A508579A57B04A /* Release */ = {
			isa = XCBuildConfiguration;
			baseConfigurationReference = C421435EB5BFDE5CA75DE5E8 /* Tradernet.xcconfig */;
			buildSettings = {
				ALWAYS_SEARCH_USER_PATHS = NO;
				CLANG_ANALYZER_LOCALIZABILITY_NONLOCALIZED = YES;
				CLANG_ANALYZER_NONNULL = YES;
				CLANG_ANALYZER_NUMBER_OBJECT_CONVERSION = YES_AGGRESSIVE;
				CLANG_CXX_LANGUAGE_STANDARD = "gnu++14";
				CLANG_CXX_LIBRARY = "libc++";
				CLANG_ENABLE_MODULES = YES;
				CLANG_ENABLE_OBJC_ARC = YES;
				CLANG_ENABLE_OBJC_WEAK = YES;
				CLANG_WARN_BLOCK_CAPTURE_AUTORELEASING = YES;
				CLANG_WARN_BOOL_CONVERSION = YES;
				CLANG_WARN_COMMA = YES;
				CLANG_WARN_CONSTANT_CONVERSION = YES;
				CLANG_WARN_DEPRECATED_OBJC_IMPLEMENTATIONS = YES;
				CLANG_WARN_DIRECT_OBJC_ISA_USAGE = YES_ERROR;
				CLANG_WARN_DOCUMENTATION_COMMENTS = YES;
				CLANG_WARN_EMPTY_BODY = YES;
				CLANG_WARN_ENUM_CONVERSION = YES;
				CLANG_WARN_INFINITE_RECURSION = YES;
				CLANG_WARN_INT_CONVERSION = YES;
				CLANG_WARN_NON_LITERAL_NULL_CONVERSION = YES;
				CLANG_WARN_OBJC_IMPLICIT_RETAIN_SELF = YES;
				CLANG_WARN_OBJC_LITERAL_CONVERSION = YES;
				CLANG_WARN_OBJC_ROOT_CLASS = YES_ERROR;
				CLANG_WARN_QUOTED_INCLUDE_IN_FRAMEWORK_HEADER = YES;
				CLANG_WARN_RANGE_LOOP_ANALYSIS = YES;
				CLANG_WARN_STRICT_PROTOTYPES = YES;
				CLANG_WARN_SUSPICIOUS_MOVE = YES;
				CLANG_WARN_UNGUARDED_AVAILABILITY = YES_AGGRESSIVE;
				CLANG_WARN_UNREACHABLE_CODE = YES;
				CLANG_WARN__DUPLICATE_METHOD_MATCH = YES;
				CODE_SIGN_STYLE = Automatic;
				COPY_PHASE_STRIP = NO;
				DEAD_CODE_STRIPPING = YES;
				DEBUG_INFORMATION_FORMAT = "dwarf-with-dsym";
				DEVELOPMENT_TEAM = 34VDSPZYU9;
				ENABLE_NS_ASSERTIONS = NO;
				ENABLE_STRICT_OBJC_MSGSEND = YES;
				ENABLE_TARGET_PARALLELIZATION = YES;
				GCC_C_LANGUAGE_STANDARD = gnu11;
				GCC_NO_COMMON_BLOCKS = YES;
				GCC_WARN_64_TO_32_BIT_CONVERSION = YES;
				GCC_WARN_ABOUT_RETURN_TYPE = YES_ERROR;
				GCC_WARN_UNDECLARED_SELECTOR = YES;
				GCC_WARN_UNINITIALIZED_AUTOS = YES_AGGRESSIVE;
				GCC_WARN_UNUSED_FUNCTION = YES;
				GCC_WARN_UNUSED_VARIABLE = YES;
				IPHONEOS_DEPLOYMENT_TARGET = 12.0;
				MTL_ENABLE_DEBUG_INFO = NO;
				PRODUCT_BUNDLE_IDENTIFIER = com.sosinvitalii.Tradernet;
				PRODUCT_NAME = "$(TARGET_NAME)";
				SDKROOT = iphoneos;
				SWIFT_COMPILATION_MODE = wholemodule;
				SWIFT_OPTIMIZATION_LEVEL = "-O";
				TARGETED_DEVICE_FAMILY = 1;
				VALIDATE_PRODUCT = YES;
			};
			name = Release;
		};
		881E4644925BCCD8E8EE2B48 /* Release */ = {
			isa = XCBuildConfiguration;
			buildSettings = {
				BUNDLE_LOADER = "$(TEST_HOST)";
				CODE_SIGN_IDENTITY = "iPhone Developer";
				INFOPLIST_FILE = "Derived/InfoPlists/TradernetTests-Info.plist";
				IPHONEOS_DEPLOYMENT_TARGET = 12.0;
				LD_RUNPATH_SEARCH_PATHS = (
					"$(inherited)",
					"@executable_path/Frameworks",
					"@loader_path/Frameworks",
				);
				PRODUCT_BUNDLE_IDENTIFIER = com.sosinvitalii.Tradernet;
				PRODUCT_NAME = TradernetTests;
				SDKROOT = iphoneos;
				SUPPORTS_MACCATALYST = NO;
				SUPPORTS_MAC_DESIGNED_FOR_IPHONE_IPAD = YES;
				SUPPORTS_XR_DESIGNED_FOR_IPHONE_IPAD = NO;
				SWIFT_COMPILATION_MODE = wholemodule;
				SWIFT_OPTIMIZATION_LEVEL = "-Owholemodule";
				SWIFT_VERSION = 5.0;
				TARGETED_DEVICE_FAMILY = "1,2";
				TEST_HOST = "$(BUILT_PRODUCTS_DIR)/Tradernet.app/$(BUNDLE_EXECUTABLE_FOLDER_PATH)/Tradernet";
				TEST_TARGET_NAME = Tradernet;
			};
			name = Release;
		};
		9F46552F15B63F448DE44A14 /* Debug */ = {
			isa = XCBuildConfiguration;
			baseConfigurationReference = C421435EB5BFDE5CA75DE5E8 /* Tradernet.xcconfig */;
			buildSettings = {
				ALWAYS_SEARCH_USER_PATHS = NO;
				CLANG_ANALYZER_LOCALIZABILITY_NONLOCALIZED = YES;
				CLANG_ANALYZER_NONNULL = YES;
				CLANG_ANALYZER_NUMBER_OBJECT_CONVERSION = YES_AGGRESSIVE;
				CLANG_CXX_LANGUAGE_STANDARD = "gnu++14";
				CLANG_CXX_LIBRARY = "libc++";
				CLANG_ENABLE_MODULES = YES;
				CLANG_ENABLE_OBJC_ARC = YES;
				CLANG_ENABLE_OBJC_WEAK = YES;
				CLANG_WARN_BLOCK_CAPTURE_AUTORELEASING = YES;
				CLANG_WARN_BOOL_CONVERSION = YES;
				CLANG_WARN_COMMA = YES;
				CLANG_WARN_CONSTANT_CONVERSION = YES;
				CLANG_WARN_DEPRECATED_OBJC_IMPLEMENTATIONS = YES;
				CLANG_WARN_DIRECT_OBJC_ISA_USAGE = YES_ERROR;
				CLANG_WARN_DOCUMENTATION_COMMENTS = YES;
				CLANG_WARN_EMPTY_BODY = YES;
				CLANG_WARN_ENUM_CONVERSION = YES;
				CLANG_WARN_INFINITE_RECURSION = YES;
				CLANG_WARN_INT_CONVERSION = YES;
				CLANG_WARN_NON_LITERAL_NULL_CONVERSION = YES;
				CLANG_WARN_OBJC_IMPLICIT_RETAIN_SELF = YES;
				CLANG_WARN_OBJC_LITERAL_CONVERSION = YES;
				CLANG_WARN_OBJC_ROOT_CLASS = YES_ERROR;
				CLANG_WARN_QUOTED_INCLUDE_IN_FRAMEWORK_HEADER = YES;
				CLANG_WARN_RANGE_LOOP_ANALYSIS = YES;
				CLANG_WARN_STRICT_PROTOTYPES = YES;
				CLANG_WARN_SUSPICIOUS_MOVE = YES;
				CLANG_WARN_UNGUARDED_AVAILABILITY = YES_AGGRESSIVE;
				CLANG_WARN_UNREACHABLE_CODE = YES;
				CLANG_WARN__DUPLICATE_METHOD_MATCH = YES;
				CODE_SIGN_STYLE = Automatic;
				COPY_PHASE_STRIP = NO;
				DEAD_CODE_STRIPPING = YES;
				DEBUG_INFORMATION_FORMAT = "dwarf-with-dsym";
				DEVELOPMENT_TEAM = 34VDSPZYU9;
				ENABLE_STRICT_OBJC_MSGSEND = YES;
				ENABLE_TARGET_PARALLELIZATION = YES;
				ENABLE_TESTABILITY = YES;
				GCC_C_LANGUAGE_STANDARD = gnu11;
				GCC_DYNAMIC_NO_PIC = NO;
				GCC_NO_COMMON_BLOCKS = YES;
				GCC_OPTIMIZATION_LEVEL = 0;
				GCC_PREPROCESSOR_DEFINITIONS = (
					"DEBUG=1",
					"$(inherited)",
				);
				GCC_WARN_64_TO_32_BIT_CONVERSION = YES;
				GCC_WARN_ABOUT_RETURN_TYPE = YES_ERROR;
				GCC_WARN_UNDECLARED_SELECTOR = YES;
				GCC_WARN_UNINITIALIZED_AUTOS = YES_AGGRESSIVE;
				GCC_WARN_UNUSED_FUNCTION = YES;
				GCC_WARN_UNUSED_VARIABLE = YES;
				IPHONEOS_DEPLOYMENT_TARGET = 12.0;
				MTL_ENABLE_DEBUG_INFO = YES;
				ONLY_ACTIVE_ARCH = YES;
				PRODUCT_BUNDLE_IDENTIFIER = com.sosinvitalii.Tradernet;
				PRODUCT_NAME = "$(TARGET_NAME)";
				SDKROOT = iphoneos;
				SWIFT_COMPILATION_MODE = singlefile;
				SWIFT_OPTIMIZATION_LEVEL = "-Onone";
				TARGETED_DEVICE_FAMILY = 1;
			};
			name = Debug;
		};
		AFCEE35D9293008BE35907B1 /* Debug */ = {
			isa = XCBuildConfiguration;
			baseConfigurationReference = C421435EB5BFDE5CA75DE5E8 /* Tradernet.xcconfig */;
			buildSettings = {
				ASSETCATALOG_COMPILER_APPICON_NAME = AppIcon;
				CODE_SIGN_IDENTITY = "iPhone Developer";
				CODE_SIGN_STYLE = Automatic;
				DEBUG_INFORMATION_FORMAT = "dwarf-with-dsym";
				DEVELOPMENT_TEAM = 34VDSPZYU9;
				ENABLE_PREVIEWS = YES;
				ENABLE_TARGET_PARALLELIZATION = YES;
				INFOPLIST_FILE = "Derived/InfoPlists/Tradernet-Info.plist";
				IPHONEOS_DEPLOYMENT_TARGET = 12.0;
				LD_RUNPATH_SEARCH_PATHS = (
					"$(inherited)",
					"@executable_path/Frameworks",
				);
				PRODUCT_BUNDLE_IDENTIFIER = com.sosinvitalii.Tradernet;
				PRODUCT_NAME = Tradernet;
				SDKROOT = iphoneos;
				SUPPORTS_MACCATALYST = NO;
				SUPPORTS_MAC_DESIGNED_FOR_IPHONE_IPAD = YES;
				SUPPORTS_XR_DESIGNED_FOR_IPHONE_IPAD = NO;
				SWIFT_ACTIVE_COMPILATION_CONDITIONS = DEBUG;
				SWIFT_COMPILATION_MODE = singlefile;
				SWIFT_OPTIMIZATION_LEVEL = "-Onone";
				SWIFT_VERSION = 5.0;
				TARGETED_DEVICE_FAMILY = 1;
			};
			name = Debug;
		};
		B3783F74C3911DD90845FD02 /* Debug */ = {
			isa = XCBuildConfiguration;
			buildSettings = {
				BUNDLE_LOADER = "$(TEST_HOST)";
				CODE_SIGN_IDENTITY = "iPhone Developer";
				INFOPLIST_FILE = "Derived/InfoPlists/TradernetTests-Info.plist";
				IPHONEOS_DEPLOYMENT_TARGET = 12.0;
				LD_RUNPATH_SEARCH_PATHS = (
					"$(inherited)",
					"@executable_path/Frameworks",
					"@loader_path/Frameworks",
				);
				PRODUCT_BUNDLE_IDENTIFIER = com.sosinvitalii.Tradernet;
				PRODUCT_NAME = TradernetTests;
				SDKROOT = iphoneos;
				SUPPORTS_MACCATALYST = NO;
				SUPPORTS_MAC_DESIGNED_FOR_IPHONE_IPAD = YES;
				SUPPORTS_XR_DESIGNED_FOR_IPHONE_IPAD = NO;
				SWIFT_ACTIVE_COMPILATION_CONDITIONS = DEBUG;
				SWIFT_COMPILATION_MODE = singlefile;
				SWIFT_OPTIMIZATION_LEVEL = "-Onone";
				SWIFT_VERSION = 5.0;
				TARGETED_DEVICE_FAMILY = "1,2";
				TEST_HOST = "$(BUILT_PRODUCTS_DIR)/Tradernet.app/$(BUNDLE_EXECUTABLE_FOLDER_PATH)/Tradernet";
				TEST_TARGET_NAME = Tradernet;
			};
			name = Debug;
		};
/* End XCBuildConfiguration section */

/* Begin XCConfigurationList section */
		8558C9C17460C4984E2FE2BD /* Build configuration list for PBXNativeTarget "Tradernet" */ = {
			isa = XCConfigurationList;
			buildConfigurations = (
				AFCEE35D9293008BE35907B1 /* Debug */,
				01E2BB395706064804326224 /* Release */,
			);
			defaultConfigurationIsVisible = 0;
			defaultConfigurationName = Release;
		};
		9721774A0D4CF3CF6A180B2F /* Build configuration list for PBXProject "Tradernet" */ = {
			isa = XCConfigurationList;
			buildConfigurations = (
				9F46552F15B63F448DE44A14 /* Debug */,
				69BC4CE6E4A508579A57B04A /* Release */,
			);
			defaultConfigurationIsVisible = 0;
			defaultConfigurationName = Release;
		};
		F70FEC75211D33DA47D385DD /* Build configuration list for PBXNativeTarget "TradernetTests" */ = {
			isa = XCConfigurationList;
			buildConfigurations = (
				B3783F74C3911DD90845FD02 /* Debug */,
				881E4644925BCCD8E8EE2B48 /* Release */,
			);
			defaultConfigurationIsVisible = 0;
			defaultConfigurationName = Release;
		};
/* End XCConfigurationList section */
	};
	rootObject = 42DE972FC08A675A638ADB76 /* Project object */;
}
